
Microsoft Visual Studio Solution File, Format Version 12.00
# Visual Studio Version 16
VisualStudioVersion = 16.0.33328.57
MinimumVisualStudioVersion = 10.0.40219.1
Project("{FAE04EC0-301F-11D3-BF4B-00C04F79EFBC}") = "ConversorGrados", "ConversorGrados\ConversorGrados.csproj", "{2431A68A-C4CF-4071-969B-A9556709B5ED}"
EndProject
Global
	GlobalSection(SolutionConfigurationPlatforms) = preSolution
		Debug|Any CPU = Debug|Any CPU
		Release|Any CPU = Release|Any CPU
	EndGlobalSection
	GlobalSection(ProjectConfigurationPlatforms) = postSolution
		{2431A68A-C4CF-4071-969B-A9556709B5ED}.Debug|Any CPU.ActiveCfg = Debug|Any CPU
		{2431A68A-C4CF-4071-969B-A9556709B5ED}.Debug|Any CPU.Build.0 = Debug|Any CPU
		{2431A68A-C4CF-4071-969B-A9556709B5ED}.Release|Any CPU.ActiveCfg = Release|Any CPU
		{2431A68A-C4CF-4071-969B-A9556709B5ED}.Release|Any CPU.Build.0 = Release|Any CPU
	EndGlobalSection
	GlobalSection(SolutionProperties) = preSolution
		HideSolutionNode = FALSE
	EndGlobalSection
	GlobalSection(ExtensibilityGlobals) = postSolution
		SolutionGuid = {D93E8E4D-981A-4318-8F27-D9635E4E06CE}
	EndGlobalSection
EndGlobal
