
Microsoft Visual Studio Solution File, Format Version 12.00
# Visual Studio Version 16
VisualStudioVersion = 16.0.33328.57
MinimumVisualStudioVersion = 10.0.40219.1
Project("{FAE04EC0-301F-11D3-BF4B-00C04F79EFBC}") = "Muestra1a10", "Muestra1a10\Muestra1a10.csproj", "{98E40E72-9878-4CA3-B632-08B04AEF75E5}"
EndProject
Global
	GlobalSection(SolutionConfigurationPlatforms) = preSolution
		Debug|Any CPU = Debug|Any CPU
		Release|Any CPU = Release|Any CPU
	EndGlobalSection
	GlobalSection(ProjectConfigurationPlatforms) = postSolution
		{98E40E72-9878-4CA3-B632-08B04AEF75E5}.Debug|Any CPU.ActiveCfg = Debug|Any CPU
		{98E40E72-9878-4CA3-B632-08B04AEF75E5}.Debug|Any CPU.Build.0 = Debug|Any CPU
		{98E40E72-9878-4CA3-B632-08B04AEF75E5}.Release|Any CPU.ActiveCfg = Release|Any CPU
		{98E40E72-9878-4CA3-B632-08B04AEF75E5}.Release|Any CPU.Build.0 = Release|Any CPU
	EndGlobalSection
	GlobalSection(SolutionProperties) = preSolution
		HideSolutionNode = FALSE
	EndGlobalSection
	GlobalSection(ExtensibilityGlobals) = postSolution
		SolutionGuid = {156F39F3-2ABD-4519-8286-C84A5E6F6A8E}
	EndGlobalSection
EndGlobal
